
Microsoft Visual Studio Solution File, Format Version 12.00
Project("{2150E333-8FDC-42A3-9474-1A3956D46DE8}") = "Операции целения", "Операции целения", "{8CD87479-6889-4DA7-BEBF-CEF3252B29F7}"
EndProject
Project("{2150E333-8FDC-42A3-9474-1A3956D46DE8}") = "Задачи", "Задачи", "{B9C7C3A5-F1B5-4937-94E9-28F2F40D5011}"
EndProject
Project("{8BC9CEB8-8B4A-11D0-8D11-00A0C91BC942}") = "Операции_деления", "Операции_деления\Операции_деления.vcxproj", "{6877C6F8-537A-4044-96A5-675475144A84}"
EndProject
Global
	GlobalSection(SolutionConfigurationPlatforms) = preSolution
		Debug|Any CPU = Debug|Any CPU
		Release|Any CPU = Release|Any CPU
	EndGlobalSection
	GlobalSection(NestedProjects) = preSolution
		{B9C7C3A5-F1B5-4937-94E9-28F2F40D5011} = {8CD87479-6889-4DA7-BEBF-CEF3252B29F7}
		{6877C6F8-537A-4044-96A5-675475144A84} = {8CD87479-6889-4DA7-BEBF-CEF3252B29F7}
	EndGlobalSection
	GlobalSection(ProjectConfigurationPlatforms) = postSolution
		{6877C6F8-537A-4044-96A5-675475144A84}.Debug|Any CPU.ActiveCfg = Debug|Win32
		{6877C6F8-537A-4044-96A5-675475144A84}.Debug|Any CPU.Build.0 = Debug|Win32
		{6877C6F8-537A-4044-96A5-675475144A84}.Release|Any CPU.ActiveCfg = Release|Win32
		{6877C6F8-537A-4044-96A5-675475144A84}.Release|Any CPU.Build.0 = Release|Win32
	EndGlobalSection
EndGlobal
