
Microsoft Visual Studio Solution File, Format Version 12.00
# Visual Studio Version 17
VisualStudioVersion = 17.7.34031.279
MinimumVisualStudioVersion = 10.0.40219.1
Project("{2150E333-8FDC-42A3-9474-1A3956D46DE8}") = "Операции целения", "Операции целения", "{8CD87479-6889-4DA7-BEBF-CEF3252B29F7}"
EndProject
Project("{2150E333-8FDC-42A3-9474-1A3956D46DE8}") = "Задачи", "Задачи", "{B9C7C3A5-F1B5-4937-94E9-28F2F40D5011}"
EndProject
Project("{8BC9CEB8-8B4A-11D0-8D11-00A0C91BC942}") = "Операции_деления", "Операции_деления\Операции_деления.vcxproj", "{6877C6F8-537A-4044-96A5-675475144A84}"
EndProject
Project("{2150E333-8FDC-42A3-9474-1A3956D46DE8}") = "Начало", "Начало", "{A59731C6-A118-4D61-83FE-9C01753768A7}"
EndProject
Project("{8BC9CEB8-8B4A-11D0-8D11-00A0C91BC942}") = "Типы_данных", "Типы_данных\Типы_данных.vcxproj", "{715711AD-097C-4E5A-84FB-45B7427AE6E6}"
EndProject
Project("{8BC9CEB8-8B4A-11D0-8D11-00A0C91BC942}") = "Ввод_вывод", "Ввод_вывод\Ввод_вывод.vcxproj", "{85F328F5-9172-4600-B437-440FC6B52386}"
EndProject
Project("{2150E333-8FDC-42A3-9474-1A3956D46DE8}") = "Лабораторные работы", "Лабораторные работы", "{68C384DA-72C4-40A1-B1AF-EDE5AFF88448}"
EndProject
Project("{8BC9CEB8-8B4A-11D0-8D11-00A0C91BC942}") = "Lab3", "Lab3\Lab3.vcxproj", "{2140C104-23C9-4D5A-8B3B-CEA394E21D86}"
EndProject
Project("{8BC9CEB8-8B4A-11D0-8D11-00A0C91BC942}") = "Сумма_цифр", "Сумма_цифр\Сумма_цифр.vcxproj", "{BB89F0AD-B437-4AA6-B5D6-3DB106BEC61E}"
EndProject
Project("{8BC9CEB8-8B4A-11D0-8D11-00A0C91BC942}") = "Секунды", "Секунды\Секунды.vcxproj", "{50ABA8DE-4A00-44A6-B839-69DDA750BFB4}"
EndProject
Global
	GlobalSection(SolutionConfigurationPlatforms) = preSolution
		Debug|Any CPU = Debug|Any CPU
		Debug|x64 = Debug|x64
		Debug|x86 = Debug|x86
		Release|Any CPU = Release|Any CPU
		Release|x64 = Release|x64
		Release|x86 = Release|x86
	EndGlobalSection
	GlobalSection(ProjectConfigurationPlatforms) = postSolution
		{6877C6F8-537A-4044-96A5-675475144A84}.Debug|Any CPU.ActiveCfg = Debug|Win32
		{6877C6F8-537A-4044-96A5-675475144A84}.Debug|Any CPU.Build.0 = Debug|Win32
		{6877C6F8-537A-4044-96A5-675475144A84}.Debug|x64.ActiveCfg = Debug|x64
		{6877C6F8-537A-4044-96A5-675475144A84}.Debug|x64.Build.0 = Debug|x64
		{6877C6F8-537A-4044-96A5-675475144A84}.Debug|x86.ActiveCfg = Debug|Win32
		{6877C6F8-537A-4044-96A5-675475144A84}.Debug|x86.Build.0 = Debug|Win32
		{6877C6F8-537A-4044-96A5-675475144A84}.Release|Any CPU.ActiveCfg = Release|Win32
		{6877C6F8-537A-4044-96A5-675475144A84}.Release|Any CPU.Build.0 = Release|Win32
		{6877C6F8-537A-4044-96A5-675475144A84}.Release|x64.ActiveCfg = Release|x64
		{6877C6F8-537A-4044-96A5-675475144A84}.Release|x64.Build.0 = Release|x64
		{6877C6F8-537A-4044-96A5-675475144A84}.Release|x86.ActiveCfg = Release|Win32
		{6877C6F8-537A-4044-96A5-675475144A84}.Release|x86.Build.0 = Release|Win32
		{715711AD-097C-4E5A-84FB-45B7427AE6E6}.Debug|Any CPU.ActiveCfg = Debug|Win32
		{715711AD-097C-4E5A-84FB-45B7427AE6E6}.Debug|Any CPU.Build.0 = Debug|Win32
		{715711AD-097C-4E5A-84FB-45B7427AE6E6}.Debug|x64.ActiveCfg = Debug|x64
		{715711AD-097C-4E5A-84FB-45B7427AE6E6}.Debug|x64.Build.0 = Debug|x64
		{715711AD-097C-4E5A-84FB-45B7427AE6E6}.Debug|x86.ActiveCfg = Debug|Win32
		{715711AD-097C-4E5A-84FB-45B7427AE6E6}.Debug|x86.Build.0 = Debug|Win32
		{715711AD-097C-4E5A-84FB-45B7427AE6E6}.Release|Any CPU.ActiveCfg = Release|Win32
		{715711AD-097C-4E5A-84FB-45B7427AE6E6}.Release|Any CPU.Build.0 = Release|Win32
		{715711AD-097C-4E5A-84FB-45B7427AE6E6}.Release|x64.ActiveCfg = Release|x64
		{715711AD-097C-4E5A-84FB-45B7427AE6E6}.Release|x64.Build.0 = Release|x64
		{715711AD-097C-4E5A-84FB-45B7427AE6E6}.Release|x86.ActiveCfg = Release|Win32
		{715711AD-097C-4E5A-84FB-45B7427AE6E6}.Release|x86.Build.0 = Release|Win32
		{85F328F5-9172-4600-B437-440FC6B52386}.Debug|Any CPU.ActiveCfg = Debug|Win32
		{85F328F5-9172-4600-B437-440FC6B52386}.Debug|Any CPU.Build.0 = Debug|Win32
		{85F328F5-9172-4600-B437-440FC6B52386}.Debug|x64.ActiveCfg = Debug|x64
		{85F328F5-9172-4600-B437-440FC6B52386}.Debug|x64.Build.0 = Debug|x64
		{85F328F5-9172-4600-B437-440FC6B52386}.Debug|x86.ActiveCfg = Debug|Win32
		{85F328F5-9172-4600-B437-440FC6B52386}.Debug|x86.Build.0 = Debug|Win32
		{85F328F5-9172-4600-B437-440FC6B52386}.Release|Any CPU.ActiveCfg = Release|Win32
		{85F328F5-9172-4600-B437-440FC6B52386}.Release|Any CPU.Build.0 = Release|Win32
		{85F328F5-9172-4600-B437-440FC6B52386}.Release|x64.ActiveCfg = Release|x64
		{85F328F5-9172-4600-B437-440FC6B52386}.Release|x64.Build.0 = Release|x64
		{85F328F5-9172-4600-B437-440FC6B52386}.Release|x86.ActiveCfg = Release|Win32
		{85F328F5-9172-4600-B437-440FC6B52386}.Release|x86.Build.0 = Release|Win32
		{2140C104-23C9-4D5A-8B3B-CEA394E21D86}.Debug|Any CPU.ActiveCfg = Debug|Win32
		{2140C104-23C9-4D5A-8B3B-CEA394E21D86}.Debug|Any CPU.Build.0 = Debug|Win32
		{2140C104-23C9-4D5A-8B3B-CEA394E21D86}.Debug|x64.ActiveCfg = Debug|x64
		{2140C104-23C9-4D5A-8B3B-CEA394E21D86}.Debug|x64.Build.0 = Debug|x64
		{2140C104-23C9-4D5A-8B3B-CEA394E21D86}.Debug|x86.ActiveCfg = Debug|Win32
		{2140C104-23C9-4D5A-8B3B-CEA394E21D86}.Debug|x86.Build.0 = Debug|Win32
		{2140C104-23C9-4D5A-8B3B-CEA394E21D86}.Release|Any CPU.ActiveCfg = Release|Win32
		{2140C104-23C9-4D5A-8B3B-CEA394E21D86}.Release|Any CPU.Build.0 = Release|Win32
		{2140C104-23C9-4D5A-8B3B-CEA394E21D86}.Release|x64.ActiveCfg = Release|x64
		{2140C104-23C9-4D5A-8B3B-CEA394E21D86}.Release|x64.Build.0 = Release|x64
		{2140C104-23C9-4D5A-8B3B-CEA394E21D86}.Release|x86.ActiveCfg = Release|Win32
		{2140C104-23C9-4D5A-8B3B-CEA394E21D86}.Release|x86.Build.0 = Release|Win32
		{BB89F0AD-B437-4AA6-B5D6-3DB106BEC61E}.Debug|Any CPU.ActiveCfg = Debug|x64
		{BB89F0AD-B437-4AA6-B5D6-3DB106BEC61E}.Debug|Any CPU.Build.0 = Debug|x64
		{BB89F0AD-B437-4AA6-B5D6-3DB106BEC61E}.Debug|x64.ActiveCfg = Debug|x64
		{BB89F0AD-B437-4AA6-B5D6-3DB106BEC61E}.Debug|x64.Build.0 = Debug|x64
		{BB89F0AD-B437-4AA6-B5D6-3DB106BEC61E}.Debug|x86.ActiveCfg = Debug|Win32
		{BB89F0AD-B437-4AA6-B5D6-3DB106BEC61E}.Debug|x86.Build.0 = Debug|Win32
		{BB89F0AD-B437-4AA6-B5D6-3DB106BEC61E}.Release|Any CPU.ActiveCfg = Release|x64
		{BB89F0AD-B437-4AA6-B5D6-3DB106BEC61E}.Release|Any CPU.Build.0 = Release|x64
		{BB89F0AD-B437-4AA6-B5D6-3DB106BEC61E}.Release|x64.ActiveCfg = Release|x64
		{BB89F0AD-B437-4AA6-B5D6-3DB106BEC61E}.Release|x64.Build.0 = Release|x64
		{BB89F0AD-B437-4AA6-B5D6-3DB106BEC61E}.Release|x86.ActiveCfg = Release|Win32
		{BB89F0AD-B437-4AA6-B5D6-3DB106BEC61E}.Release|x86.Build.0 = Release|Win32
		{50ABA8DE-4A00-44A6-B839-69DDA750BFB4}.Debug|Any CPU.ActiveCfg = Debug|x64
		{50ABA8DE-4A00-44A6-B839-69DDA750BFB4}.Debug|Any CPU.Build.0 = Debug|x64
		{50ABA8DE-4A00-44A6-B839-69DDA750BFB4}.Debug|x64.ActiveCfg = Debug|x64
		{50ABA8DE-4A00-44A6-B839-69DDA750BFB4}.Debug|x64.Build.0 = Debug|x64
		{50ABA8DE-4A00-44A6-B839-69DDA750BFB4}.Debug|x86.ActiveCfg = Debug|Win32
		{50ABA8DE-4A00-44A6-B839-69DDA750BFB4}.Debug|x86.Build.0 = Debug|Win32
		{50ABA8DE-4A00-44A6-B839-69DDA750BFB4}.Release|Any CPU.ActiveCfg = Release|x64
		{50ABA8DE-4A00-44A6-B839-69DDA750BFB4}.Release|Any CPU.Build.0 = Release|x64
		{50ABA8DE-4A00-44A6-B839-69DDA750BFB4}.Release|x64.ActiveCfg = Release|x64
		{50ABA8DE-4A00-44A6-B839-69DDA750BFB4}.Release|x64.Build.0 = Release|x64
		{50ABA8DE-4A00-44A6-B839-69DDA750BFB4}.Release|x86.ActiveCfg = Release|Win32
		{50ABA8DE-4A00-44A6-B839-69DDA750BFB4}.Release|x86.Build.0 = Release|Win32
	EndGlobalSection
	GlobalSection(SolutionProperties) = preSolution
		HideSolutionNode = FALSE
	EndGlobalSection
	GlobalSection(NestedProjects) = preSolution
		{B9C7C3A5-F1B5-4937-94E9-28F2F40D5011} = {8CD87479-6889-4DA7-BEBF-CEF3252B29F7}
		{6877C6F8-537A-4044-96A5-675475144A84} = {8CD87479-6889-4DA7-BEBF-CEF3252B29F7}
		{715711AD-097C-4E5A-84FB-45B7427AE6E6} = {A59731C6-A118-4D61-83FE-9C01753768A7}
		{85F328F5-9172-4600-B437-440FC6B52386} = {A59731C6-A118-4D61-83FE-9C01753768A7}
		{2140C104-23C9-4D5A-8B3B-CEA394E21D86} = {68C384DA-72C4-40A1-B1AF-EDE5AFF88448}
		{BB89F0AD-B437-4AA6-B5D6-3DB106BEC61E} = {B9C7C3A5-F1B5-4937-94E9-28F2F40D5011}
		{50ABA8DE-4A00-44A6-B839-69DDA750BFB4} = {B9C7C3A5-F1B5-4937-94E9-28F2F40D5011}
	EndGlobalSection
EndGlobal
